// !$*UTF8*$!
{
	archiveVersion = 1;
	classes = {
	};
	objectVersion = 45;
	objects = {

/* Begin PBXBuildFile section */
		1D60589B0D05DD56006BFB54 /* main.m in Sources */ = {isa = PBXBuildFile; fileRef = 29B97316FDCFA39411CA2CEA /* main.m */; };
		1D60589F0D05DD5A006BFB54 /* Foundation.framework in Frameworks */ = {isa = PBXBuildFile; fileRef = 1D30AB110D05D00D00671497 /* Foundation.framework */; };
		1DF5F4E00D08C38300B7A737 /* UIKit.framework in Frameworks */ = {isa = PBXBuildFile; fileRef = 1DF5F4DF0D08C38300B7A737 /* UIKit.framework */; };
		288765A50DF7441C002DB57D /* CoreGraphics.framework in Frameworks */ = {isa = PBXBuildFile; fileRef = 288765A40DF7441C002DB57D /* CoreGraphics.framework */; };
		5D16AE4013B5511000D2F426 /* libChipmunkEx.a in Frameworks */ = {isa = PBXBuildFile; fileRef = 5D16AE3F13B5511000D2F426 /* libChipmunkEx.a */; };
		5D16AE4213B5511A00D2F426 /* libz.dylib in Frameworks */ = {isa = PBXBuildFile; fileRef = 5D16AE4113B5511A00D2F426 /* libz.dylib */; };
		A112805612FED21B00696CFE /* DefaultLoaderDemo.m in Sources */ = {isa = PBXBuildFile; fileRef = A112805512FED21B00696CFE /* DefaultLoaderDemo.m */; };
		A124299512F94D7D00318730 /* NewtonsCradleDemo.m in Sources */ = {isa = PBXBuildFile; fileRef = A124299412F94D7D00318730 /* NewtonsCradleDemo.m */; };
		A1242C2E12FB1D9D00318730 /* BlocksDemo.m in Sources */ = {isa = PBXBuildFile; fileRef = A1242C2D12FB1D9D00318730 /* BlocksDemo.m */; };
		A1242D0612FB537300318730 /* ManyBlocksDemo.m in Sources */ = {isa = PBXBuildFile; fileRef = A1242D0412FB537300318730 /* ManyBlocksDemo.m */; };
		A13512F611986265007C9395 /* QuartzCore.framework in Frameworks */ = {isa = PBXBuildFile; fileRef = A13512F511986265007C9395 /* QuartzCore.framework */; };
		A13512F811986270007C9395 /* OpenGLES.framework in Frameworks */ = {isa = PBXBuildFile; fileRef = A13512F711986270007C9395 /* OpenGLES.framework */; };
		A13512FD11986427007C9395 /* ChipmunkAppDelegate.m in Sources */ = {isa = PBXBuildFile; fileRef = A13512FC11986427007C9395 /* ChipmunkAppDelegate.m */; };
		A135130011986481007C9395 /* Game.m in Sources */ = {isa = PBXBuildFile; fileRef = A13512FF11986481007C9395 /* Game.m */; };
		A135139A119868D9007C9395 /* MainWindow.xib in Resources */ = {isa = PBXBuildFile; fileRef = A1351399119868D9007C9395 /* MainWindow.xib */; };
		A1527AB711BD8F8100995392 /* OpenAL.framework in Frameworks */ = {isa = PBXBuildFile; fileRef = A1527AB611BD8F8100995392 /* OpenAL.framework */; };
		A1527AF811BD8F9000995392 /* AVFoundation.framework in Frameworks */ = {isa = PBXBuildFile; fileRef = A1527AF711BD8F9000995392 /* AVFoundation.framework */; };
		A1527AFC11BD8F9900995392 /* AudioToolbox.framework in Frameworks */ = {isa = PBXBuildFile; fileRef = A1527AFB11BD8F9900995392 /* AudioToolbox.framework */; };
		A15DD8E31309B6E900275266 /* SensorDemo.m in Sources */ = {isa = PBXBuildFile; fileRef = A15DD8E11309B6E900275266 /* SensorDemo.m */; };
		A15DD9CD130ADEBA00275266 /* ImplosionEffectDemo.m in Sources */ = {isa = PBXBuildFile; fileRef = A15DD9CC130ADEBA00275266 /* ImplosionEffectDemo.m */; };
		A15DDB48130C2B3A00275266 /* PlanetDemo.m in Sources */ = {isa = PBXBuildFile; fileRef = A15DDB46130C2B3A00275266 /* PlanetDemo.m */; };
		A15DDCE7130C6B4400275266 /* LayerCollisionDemo.m in Sources */ = {isa = PBXBuildFile; fileRef = A15DDCE5130C6B4400275266 /* LayerCollisionDemo.m */; };
		A15DDD29130D7ED100275266 /* FollowPathDemo.m in Sources */ = {isa = PBXBuildFile; fileRef = A15DDD27130D7ED100275266 /* FollowPathDemo.m */; };
		A15DDEA9130ED2E100275266 /* option.png in Resources */ = {isa = PBXBuildFile; fileRef = A15DDEA8130ED2E100275266 /* option.png */; };
		A15DDEAC130ED4DF00275266 /* OptionSelector.m in Sources */ = {isa = PBXBuildFile; fileRef = A15DDEAB130ED4DF00275266 /* OptionSelector.m */; };
		A15DDEB9130ED53B00275266 /* Option.m in Sources */ = {isa = PBXBuildFile; fileRef = A15DDEB8130ED53B00275266 /* Option.m */; };
		A15DE033130F273500275266 /* left_arrow.png in Resources */ = {isa = PBXBuildFile; fileRef = A15DE031130F273500275266 /* left_arrow.png */; };
		A15DE034130F273500275266 /* right_arrow.png in Resources */ = {isa = PBXBuildFile; fileRef = A15DE032130F273500275266 /* right_arrow.png */; };
		A178431112ECCB6800EE1713 /* football.png in Resources */ = {isa = PBXBuildFile; fileRef = A178431012ECCB6800EE1713 /* football.png */; };
		A178431B12ECCBA600EE1713 /* BallDemo.m in Sources */ = {isa = PBXBuildFile; fileRef = A178431A12ECCBA600EE1713 /* BallDemo.m */; };
		A178431E12ECCC0700EE1713 /* Ball.m in Sources */ = {isa = PBXBuildFile; fileRef = A178431D12ECCC0700EE1713 /* Ball.m */; };
		A178460812EF49B700EE1713 /* SimpleCollisionDemo.m in Sources */ = {isa = PBXBuildFile; fileRef = A178460712EF49B700EE1713 /* SimpleCollisionDemo.m */; };
		A17846FA12F0810A00EE1713 /* TheoJansenDemo.m in Sources */ = {isa = PBXBuildFile; fileRef = A17846F812F0810A00EE1713 /* TheoJansenDemo.m */; };
		A189F086131EA57B001B7C6F /* PhysicsEditor.plist in Resources */ = {isa = PBXBuildFile; fileRef = A189F085131EA57B001B7C6F /* PhysicsEditor.plist */; };
		A1906EB012FF119800FFF013 /* Demo.plist in Resources */ = {isa = PBXBuildFile; fileRef = A1906EAF12FF119800FFF013 /* Demo.plist */; };
		A19EA7C812EA1D080073D2A1 /* DampedRotarySpringConstraintDemo.m in Sources */ = {isa = PBXBuildFile; fileRef = A19EA7B412EA1D070073D2A1 /* DampedRotarySpringConstraintDemo.m */; };
		A19EA7C912EA1D080073D2A1 /* DampedSpringConstraintDemo.m in Sources */ = {isa = PBXBuildFile; fileRef = A19EA7B612EA1D070073D2A1 /* DampedSpringConstraintDemo.m */; };
		A19EA7CA12EA1D080073D2A1 /* GearJointConstraintDemo.m in Sources */ = {isa = PBXBuildFile; fileRef = A19EA7B812EA1D070073D2A1 /* GearJointConstraintDemo.m */; };
		A19EA7CB12EA1D080073D2A1 /* GrooveJointConstraintDemo.m in Sources */ = {isa = PBXBuildFile; fileRef = A19EA7BA12EA1D080073D2A1 /* GrooveJointConstraintDemo.m */; };
		A19EA7CC12EA1D080073D2A1 /* PinJointConstraintDemo.m in Sources */ = {isa = PBXBuildFile; fileRef = A19EA7BC12EA1D080073D2A1 /* PinJointConstraintDemo.m */; };
		A19EA7CD12EA1D080073D2A1 /* PivotJointConstraintDemo.m in Sources */ = {isa = PBXBuildFile; fileRef = A19EA7BE12EA1D080073D2A1 /* PivotJointConstraintDemo.m */; };
		A19EA7CF12EA1D080073D2A1 /* RatchetJointConstraintDemo.m in Sources */ = {isa = PBXBuildFile; fileRef = A19EA7C212EA1D080073D2A1 /* RatchetJointConstraintDemo.m */; };
		A19EA7D012EA1D080073D2A1 /* RotaryLimitConstraintDemo.m in Sources */ = {isa = PBXBuildFile; fileRef = A19EA7C412EA1D080073D2A1 /* RotaryLimitConstraintDemo.m */; };
		A19EA7D112EA1D080073D2A1 /* SimpleMotorJointConstraintDemo.m in Sources */ = {isa = PBXBuildFile; fileRef = A19EA7C612EA1D080073D2A1 /* SimpleMotorJointConstraintDemo.m */; };
		A19EA7D712EA1D530073D2A1 /* SlideJointConstraintDemo.m in Sources */ = {isa = PBXBuildFile; fileRef = A19EA7D612EA1D530073D2A1 /* SlideJointConstraintDemo.m */; };
		A19EA7DB12EA1DCE0073D2A1 /* PolyDemo.m in Sources */ = {isa = PBXBuildFile; fileRef = A19EA7DA12EA1DCE0073D2A1 /* PolyDemo.m */; };
		A19EA7FC12EA1FF90073D2A1 /* BaseDemo.m in Sources */ = {isa = PBXBuildFile; fileRef = A19EA7FA12EA1FF90073D2A1 /* BaseDemo.m */; };
		A1A2E81713032A7D004E2A34 /* PhysicsEditorDemo.m in Sources */ = {isa = PBXBuildFile; fileRef = A1A2E81513032A7D004E2A34 /* PhysicsEditorDemo.m */; };
		A1AEBC0612F8B362001A45B2 /* RopeDemo.m in Sources */ = {isa = PBXBuildFile; fileRef = A1AEBC0512F8B362001A45B2 /* RopeDemo.m */; };
		A1AF693712EC3C36006322AF /* CarDemo.m in Sources */ = {isa = PBXBuildFile; fileRef = A1AF693512EC3C36006322AF /* CarDemo.m */; };
		A1CF12AB130470FA005CB7AE /* ExplosionEffectDemo.m in Sources */ = {isa = PBXBuildFile; fileRef = A1CF12A9130470FA005CB7AE /* ExplosionEffectDemo.m */; };
		A1CF13D813058FE7005CB7AE /* BuoyancyDemo.m in Sources */ = {isa = PBXBuildFile; fileRef = A1CF13D713058FE7005CB7AE /* BuoyancyDemo.m */; };
		A1FC3B101311670700C7D1E1 /* optionSelector.png in Resources */ = {isa = PBXBuildFile; fileRef = A1FC3B0F1311670700C7D1E1 /* optionSelector.png */; };
		A1FC3BD7131193C100C7D1E1 /* PivotJoint.png in Resources */ = {isa = PBXBuildFile; fileRef = A1FC3BD5131193C100C7D1E1 /* PivotJoint.png */; };
		A1FC3BD8131193C100C7D1E1 /* SimpleMotorJoint.png in Resources */ = {isa = PBXBuildFile; fileRef = A1FC3BD6131193C100C7D1E1 /* SimpleMotorJoint.png */; };
		A1FC3BF31311951C00C7D1E1 /* DampedRotarySpring.png in Resources */ = {isa = PBXBuildFile; fileRef = A1FC3BF21311951C00C7D1E1 /* DampedRotarySpring.png */; };
		A1FC3BFE1311967B00C7D1E1 /* DampedSpring.png in Resources */ = {isa = PBXBuildFile; fileRef = A1FC3BFD1311967B00C7D1E1 /* DampedSpring.png */; };
		A1FC3C1E1311997900C7D1E1 /* SlideJoint.png in Resources */ = {isa = PBXBuildFile; fileRef = A1FC3C1D1311997900C7D1E1 /* SlideJoint.png */; };
		A1FC3C3C13119A5900C7D1E1 /* RotaryLimit.png in Resources */ = {isa = PBXBuildFile; fileRef = A1FC3C3B13119A5900C7D1E1 /* RotaryLimit.png */; };
		A1FC3C5313119AF200C7D1E1 /* PinJoint.png in Resources */ = {isa = PBXBuildFile; fileRef = A1FC3C5213119AF200C7D1E1 /* PinJoint.png */; };
		A1FC3C5513119B3800C7D1E1 /* RatchetJoint.png in Resources */ = {isa = PBXBuildFile; fileRef = A1FC3C5413119B3800C7D1E1 /* RatchetJoint.png */; };
		A1FC3C7913119C4300C7D1E1 /* GrooveJoint.png in Resources */ = {isa = PBXBuildFile; fileRef = A1FC3C7813119C4300C7D1E1 /* GrooveJoint.png */; };
		A1FC3C8B13119CD600C7D1E1 /* GearJoint.png in Resources */ = {isa = PBXBuildFile; fileRef = A1FC3C8A13119CD600C7D1E1 /* GearJoint.png */; };
		A1FC3C961311A0DB00C7D1E1 /* Poly.png in Resources */ = {isa = PBXBuildFile; fileRef = A1FC3C951311A0DB00C7D1E1 /* Poly.png */; };
		A1FC3CA41311A21700C7D1E1 /* Car.png in Resources */ = {isa = PBXBuildFile; fileRef = A1FC3CA31311A21700C7D1E1 /* Car.png */; };
		A1FC3CB11312C15B00C7D1E1 /* left_arrow_small.png in Resources */ = {isa = PBXBuildFile; fileRef = A1FC3CAF1312C15B00C7D1E1 /* left_arrow_small.png */; };
		A1FC3CB21312C15B00C7D1E1 /* right_arrow_small.png in Resources */ = {isa = PBXBuildFile; fileRef = A1FC3CB01312C15B00C7D1E1 /* right_arrow_small.png */; };
		A1FC3CFD1312CBD100C7D1E1 /* SimpleCollision.png in Resources */ = {isa = PBXBuildFile; fileRef = A1FC3CFC1312CBD100C7D1E1 /* SimpleCollision.png */; };
		A1FC3CFF1312CC2B00C7D1E1 /* ComplexCollision.png in Resources */ = {isa = PBXBuildFile; fileRef = A1FC3CFE1312CC2B00C7D1E1 /* ComplexCollision.png */; };
		A1FC3D061312CC9800C7D1E1 /* Ball.png in Resources */ = {isa = PBXBuildFile; fileRef = A1FC3D051312CC9800C7D1E1 /* Ball.png */; };
		A1FC3D121312CD3C00C7D1E1 /* Rope.png in Resources */ = {isa = PBXBuildFile; fileRef = A1FC3D111312CD3C00C7D1E1 /* Rope.png */; };
		A1FC3D151312CDD500C7D1E1 /* NewtonsCradle.png in Resources */ = {isa = PBXBuildFile; fileRef = A1FC3D141312CDD500C7D1E1 /* NewtonsCradle.png */; };
		A1FC3D281312D04400C7D1E1 /* Blocks.png in Resources */ = {isa = PBXBuildFile; fileRef = A1FC3D271312D04400C7D1E1 /* Blocks.png */; };
		A1FC3D2E1312D10A00C7D1E1 /* ManyBlocks.png in Resources */ = {isa = PBXBuildFile; fileRef = A1FC3D2D1312D10A00C7D1E1 /* ManyBlocks.png */; };
		A1FC3D421312D1A100C7D1E1 /* DefaultLoader.png in Resources */ = {isa = PBXBuildFile; fileRef = A1FC3D411312D1A100C7D1E1 /* DefaultLoader.png */; };
		A1FC3D481312D20100C7D1E1 /* PhysicsEditor.png in Resources */ = {isa = PBXBuildFile; fileRef = A1FC3D471312D20100C7D1E1 /* PhysicsEditor.png */; };
		A1FC3D551312D25B00C7D1E1 /* Explosion.png in Resources */ = {isa = PBXBuildFile; fileRef = A1FC3D531312D25B00C7D1E1 /* Explosion.png */; };
		A1FC3D561312D25B00C7D1E1 /* Implosion.png in Resources */ = {isa = PBXBuildFile; fileRef = A1FC3D541312D25B00C7D1E1 /* Implosion.png */; };
		A1FC3D5D1312D2CC00C7D1E1 /* Buoyancy.png in Resources */ = {isa = PBXBuildFile; fileRef = A1FC3D5C1312D2CC00C7D1E1 /* Buoyancy.png */; };
		A1FC3D601312D37300C7D1E1 /* Sensor.png in Resources */ = {isa = PBXBuildFile; fileRef = A1FC3D5F1312D37300C7D1E1 /* Sensor.png */; };
		A1FC3D631312D3C000C7D1E1 /* Planet.png in Resources */ = {isa = PBXBuildFile; fileRef = A1FC3D621312D3C000C7D1E1 /* Planet.png */; };
		A1FC3D9E1312D4AC00C7D1E1 /* FollowPath.png in Resources */ = {isa = PBXBuildFile; fileRef = A1FC3D9D1312D4AC00C7D1E1 /* FollowPath.png */; };
/* End PBXBuildFile section */

/* Begin PBXFileReference section */
		1D30AB110D05D00D00671497 /* Foundation.framework */ = {isa = PBXFileReference; lastKnownFileType = wrapper.framework; name = Foundation.framework; path = System/Library/Frameworks/Foundation.framework; sourceTree = SDKROOT; };
		1D6058910D05DD3D006BFB54 /* ChipmunkWrapper.app */ = {isa = PBXFileReference; explicitFileType = wrapper.application; includeInIndex = 0; path = ChipmunkWrapper.app; sourceTree = BUILT_PRODUCTS_DIR; };
		1DF5F4DF0D08C38300B7A737 /* UIKit.framework */ = {isa = PBXFileReference; lastKnownFileType = wrapper.framework; name = UIKit.framework; path = System/Library/Frameworks/UIKit.framework; sourceTree = SDKROOT; };
		288765A40DF7441C002DB57D /* CoreGraphics.framework */ = {isa = PBXFileReference; lastKnownFileType = wrapper.framework; name = CoreGraphics.framework; path = System/Library/Frameworks/CoreGraphics.framework; sourceTree = SDKROOT; };
		29B97316FDCFA39411CA2CEA /* main.m */ = {isa = PBXFileReference; fileEncoding = 4; lastKnownFileType = sourcecode.c.objc; path = main.m; sourceTree = "<group>"; };
		32CA4F630368D1EE00C91783 /* ChipmunkWrapper_Prefix.pch */ = {isa = PBXFileReference; fileEncoding = 4; lastKnownFileType = sourcecode.c.h; path = ChipmunkWrapper_Prefix.pch; sourceTree = "<group>"; };
		5D16AE3F13B5511000D2F426 /* libChipmunkEx.a */ = {isa = PBXFileReference; explicitFileType = archive.ar; path = libChipmunkEx.a; sourceTree = SOURCE_ROOT; };
		5D16AE4113B5511A00D2F426 /* libz.dylib */ = {isa = PBXFileReference; lastKnownFileType = "compiled.mach-o.dylib"; name = libz.dylib; path = usr/lib/libz.dylib; sourceTree = SDKROOT; };
		8D1107310486CEB800E47090 /* ChipmunkWrapper-Info.plist */ = {isa = PBXFileReference; fileEncoding = 4; lastKnownFileType = text.plist.xml; path = "ChipmunkWrapper-Info.plist"; plistStructureDefinitionIdentifier = "com.apple.xcode.plist.structure-definition.iphone.info-plist"; sourceTree = "<group>"; };
		A112805412FED21B00696CFE /* DefaultLoaderDemo.h */ = {isa = PBXFileReference; fileEncoding = 4; lastKnownFileType = sourcecode.c.h; path = DefaultLoaderDemo.h; sourceTree = "<group>"; };
		A112805512FED21B00696CFE /* DefaultLoaderDemo.m */ = {isa = PBXFileReference; fileEncoding = 4; lastKnownFileType = sourcecode.c.objc; path = DefaultLoaderDemo.m; sourceTree = "<group>"; };
		A124299312F94D7D00318730 /* NewtonsCradleDemo.h */ = {isa = PBXFileReference; fileEncoding = 4; lastKnownFileType = sourcecode.c.h; path = NewtonsCradleDemo.h; sourceTree = "<group>"; };
		A124299412F94D7D00318730 /* NewtonsCradleDemo.m */ = {isa = PBXFileReference; fileEncoding = 4; lastKnownFileType = sourcecode.c.objc; path = NewtonsCradleDemo.m; sourceTree = "<group>"; };
		A1242C2C12FB1D9D00318730 /* BlocksDemo.h */ = {isa = PBXFileReference; fileEncoding = 4; lastKnownFileType = sourcecode.c.h; path = BlocksDemo.h; sourceTree = "<group>"; };
		A1242C2D12FB1D9D00318730 /* BlocksDemo.m */ = {isa = PBXFileReference; fileEncoding = 4; lastKnownFileType = sourcecode.c.objc; path = BlocksDemo.m; sourceTree = "<group>"; };
		A1242D0412FB537300318730 /* ManyBlocksDemo.m */ = {isa = PBXFileReference; fileEncoding = 4; lastKnownFileType = sourcecode.c.objc; path = ManyBlocksDemo.m; sourceTree = "<group>"; };
		A1242D0512FB537300318730 /* ManyBlocksDemo.h */ = {isa = PBXFileReference; fileEncoding = 4; lastKnownFileType = sourcecode.c.h; path = ManyBlocksDemo.h; sourceTree = "<group>"; };
		A1259B3D12C92A2700EA5EA0 /* Macros.h */ = {isa = PBXFileReference; fileEncoding = 4; lastKnownFileType = sourcecode.c.h; path = Macros.h; sourceTree = "<group>"; };
		A13512F511986265007C9395 /* QuartzCore.framework */ = {isa = PBXFileReference; lastKnownFileType = wrapper.framework; name = QuartzCore.framework; path = System/Library/Frameworks/QuartzCore.framework; sourceTree = SDKROOT; };
		A13512F711986270007C9395 /* OpenGLES.framework */ = {isa = PBXFileReference; lastKnownFileType = wrapper.framework; name = OpenGLES.framework; path = System/Library/Frameworks/OpenGLES.framework; sourceTree = SDKROOT; };
		A13512FB11986427007C9395 /* ChipmunkAppDelegate.h */ = {isa = PBXFileReference; fileEncoding = 4; lastKnownFileType = sourcecode.c.h; path = ChipmunkAppDelegate.h; sourceTree = "<group>"; };
		A13512FC11986427007C9395 /* ChipmunkAppDelegate.m */ = {isa = PBXFileReference; fileEncoding = 4; lastKnownFileType = sourcecode.c.objc; path = ChipmunkAppDelegate.m; sourceTree = "<group>"; };
		A13512FE11986481007C9395 /* Game.h */ = {isa = PBXFileReference; fileEncoding = 4; lastKnownFileType = sourcecode.c.h; path = Game.h; sourceTree = "<group>"; };
		A13512FF11986481007C9395 /* Game.m */ = {isa = PBXFileReference; fileEncoding = 4; lastKnownFileType = sourcecode.c.objc; path = Game.m; sourceTree = "<group>"; };
		A1351399119868D9007C9395 /* MainWindow.xib */ = {isa = PBXFileReference; lastKnownFileType = file.xib; path = MainWindow.xib; sourceTree = "<group>"; };
		A1527AB611BD8F8100995392 /* OpenAL.framework */ = {isa = PBXFileReference; lastKnownFileType = wrapper.framework; name = OpenAL.framework; path = System/Library/Frameworks/OpenAL.framework; sourceTree = SDKROOT; };
		A1527AF711BD8F9000995392 /* AVFoundation.framework */ = {isa = PBXFileReference; lastKnownFileType = wrapper.framework; name = AVFoundation.framework; path = System/Library/Frameworks/AVFoundation.framework; sourceTree = SDKROOT; };
		A1527AFB11BD8F9900995392 /* AudioToolbox.framework */ = {isa = PBXFileReference; lastKnownFileType = wrapper.framework; name = AudioToolbox.framework; path = System/Library/Frameworks/AudioToolbox.framework; sourceTree = SDKROOT; };
		A15DD8E11309B6E900275266 /* SensorDemo.m */ = {isa = PBXFileReference; fileEncoding = 4; lastKnownFileType = sourcecode.c.objc; path = SensorDemo.m; sourceTree = "<group>"; };
		A15DD8E21309B6E900275266 /* SensorDemo.h */ = {isa = PBXFileReference; fileEncoding = 4; lastKnownFileType = sourcecode.c.h; path = SensorDemo.h; sourceTree = "<group>"; };
		A15DD9CB130ADEBA00275266 /* ImplosionEffectDemo.h */ = {isa = PBXFileReference; fileEncoding = 4; lastKnownFileType = sourcecode.c.h; path = ImplosionEffectDemo.h; sourceTree = "<group>"; };
		A15DD9CC130ADEBA00275266 /* ImplosionEffectDemo.m */ = {isa = PBXFileReference; fileEncoding = 4; lastKnownFileType = sourcecode.c.objc; path = ImplosionEffectDemo.m; sourceTree = "<group>"; };
		A15DDB46130C2B3A00275266 /* PlanetDemo.m */ = {isa = PBXFileReference; fileEncoding = 4; lastKnownFileType = sourcecode.c.objc; path = PlanetDemo.m; sourceTree = "<group>"; };
		A15DDB47130C2B3A00275266 /* PlanetDemo.h */ = {isa = PBXFileReference; fileEncoding = 4; lastKnownFileType = sourcecode.c.h; path = PlanetDemo.h; sourceTree = "<group>"; };
		A15DDCE5130C6B4400275266 /* LayerCollisionDemo.m */ = {isa = PBXFileReference; fileEncoding = 4; lastKnownFileType = sourcecode.c.objc; path = LayerCollisionDemo.m; sourceTree = "<group>"; };
		A15DDCE6130C6B4400275266 /* LayerCollisionDemo.h */ = {isa = PBXFileReference; fileEncoding = 4; lastKnownFileType = sourcecode.c.h; path = LayerCollisionDemo.h; sourceTree = "<group>"; };
		A15DDD27130D7ED100275266 /* FollowPathDemo.m */ = {isa = PBXFileReference; fileEncoding = 4; lastKnownFileType = sourcecode.c.objc; path = FollowPathDemo.m; sourceTree = "<group>"; };
		A15DDD28130D7ED100275266 /* FollowPathDemo.h */ = {isa = PBXFileReference; fileEncoding = 4; lastKnownFileType = sourcecode.c.h; path = FollowPathDemo.h; sourceTree = "<group>"; };
		A15DDEA8130ED2E100275266 /* option.png */ = {isa = PBXFileReference; lastKnownFileType = image.png; path = option.png; sourceTree = "<group>"; };
		A15DDEAA130ED4DF00275266 /* OptionSelector.h */ = {isa = PBXFileReference; fileEncoding = 4; lastKnownFileType = sourcecode.c.h; path = OptionSelector.h; sourceTree = "<group>"; };
		A15DDEAB130ED4DF00275266 /* OptionSelector.m */ = {isa = PBXFileReference; fileEncoding = 4; lastKnownFileType = sourcecode.c.objc; path = OptionSelector.m; sourceTree = "<group>"; };
		A15DDEB7130ED53B00275266 /* Option.h */ = {isa = PBXFileReference; fileEncoding = 4; lastKnownFileType = sourcecode.c.h; path = Option.h; sourceTree = "<group>"; };
		A15DDEB8130ED53B00275266 /* Option.m */ = {isa = PBXFileReference; fileEncoding = 4; lastKnownFileType = sourcecode.c.objc; path = Option.m; sourceTree = "<group>"; };
		A15DE031130F273500275266 /* left_arrow.png */ = {isa = PBXFileReference; lastKnownFileType = image.png; path = left_arrow.png; sourceTree = "<group>"; };
		A15DE032130F273500275266 /* right_arrow.png */ = {isa = PBXFileReference; lastKnownFileType = image.png; path = right_arrow.png; sourceTree = "<group>"; };
		A178431012ECCB6800EE1713 /* football.png */ = {isa = PBXFileReference; lastKnownFileType = image.png; path = football.png; sourceTree = "<group>"; };
		A178431912ECCBA600EE1713 /* BallDemo.h */ = {isa = PBXFileReference; fileEncoding = 4; lastKnownFileType = sourcecode.c.h; path = BallDemo.h; sourceTree = "<group>"; };
		A178431A12ECCBA600EE1713 /* BallDemo.m */ = {isa = PBXFileReference; fileEncoding = 4; lastKnownFileType = sourcecode.c.objc; path = BallDemo.m; sourceTree = "<group>"; };
		A178431C12ECCC0700EE1713 /* Ball.h */ = {isa = PBXFileReference; fileEncoding = 4; lastKnownFileType = sourcecode.c.h; path = Ball.h; sourceTree = "<group>"; };
		A178431D12ECCC0700EE1713 /* Ball.m */ = {isa = PBXFileReference; fileEncoding = 4; lastKnownFileType = sourcecode.c.objc; path = Ball.m; sourceTree = "<group>"; };
		A178460612EF49B700EE1713 /* SimpleCollisionDemo.h */ = {isa = PBXFileReference; fileEncoding = 4; lastKnownFileType = sourcecode.c.h; path = SimpleCollisionDemo.h; sourceTree = "<group>"; };
		A178460712EF49B700EE1713 /* SimpleCollisionDemo.m */ = {isa = PBXFileReference; fileEncoding = 4; lastKnownFileType = sourcecode.c.objc; path = SimpleCollisionDemo.m; sourceTree = "<group>"; };
		A17846F812F0810A00EE1713 /* TheoJansenDemo.m */ = {isa = PBXFileReference; fileEncoding = 4; lastKnownFileType = sourcecode.c.objc; path = TheoJansenDemo.m; sourceTree = "<group>"; };
		A17846F912F0810A00EE1713 /* TheoJansenDemo.h */ = {isa = PBXFileReference; fileEncoding = 4; lastKnownFileType = sourcecode.c.h; path = TheoJansenDemo.h; sourceTree = "<group>"; };
		A189F085131EA57B001B7C6F /* PhysicsEditor.plist */ = {isa = PBXFileReference; fileEncoding = 4; lastKnownFileType = text.plist.xml; path = PhysicsEditor.plist; sourceTree = "<group>"; };
		A1906EAF12FF119800FFF013 /* Demo.plist */ = {isa = PBXFileReference; fileEncoding = 4; lastKnownFileType = text.plist.xml; path = Demo.plist; sourceTree = "<group>"; };
		A19EA7B312EA1D070073D2A1 /* DampedRotarySpringConstraintDemo.h */ = {isa = PBXFileReference; fileEncoding = 4; lastKnownFileType = sourcecode.c.h; path = DampedRotarySpringConstraintDemo.h; sourceTree = "<group>"; };
		A19EA7B412EA1D070073D2A1 /* DampedRotarySpringConstraintDemo.m */ = {isa = PBXFileReference; fileEncoding = 4; lastKnownFileType = sourcecode.c.objc; path = DampedRotarySpringConstraintDemo.m; sourceTree = "<group>"; };
		A19EA7B512EA1D070073D2A1 /* DampedSpringConstraintDemo.h */ = {isa = PBXFileReference; fileEncoding = 4; lastKnownFileType = sourcecode.c.h; path = DampedSpringConstraintDemo.h; sourceTree = "<group>"; };
		A19EA7B612EA1D070073D2A1 /* DampedSpringConstraintDemo.m */ = {isa = PBXFileReference; fileEncoding = 4; lastKnownFileType = sourcecode.c.objc; path = DampedSpringConstraintDemo.m; sourceTree = "<group>"; };
		A19EA7B712EA1D070073D2A1 /* GearJointConstraintDemo.h */ = {isa = PBXFileReference; fileEncoding = 4; lastKnownFileType = sourcecode.c.h; path = GearJointConstraintDemo.h; sourceTree = "<group>"; };
		A19EA7B812EA1D070073D2A1 /* GearJointConstraintDemo.m */ = {isa = PBXFileReference; fileEncoding = 4; lastKnownFileType = sourcecode.c.objc; path = GearJointConstraintDemo.m; sourceTree = "<group>"; };
		A19EA7B912EA1D070073D2A1 /* GrooveJointConstraintDemo.h */ = {isa = PBXFileReference; fileEncoding = 4; lastKnownFileType = sourcecode.c.h; path = GrooveJointConstraintDemo.h; sourceTree = "<group>"; };
		A19EA7BA12EA1D080073D2A1 /* GrooveJointConstraintDemo.m */ = {isa = PBXFileReference; fileEncoding = 4; lastKnownFileType = sourcecode.c.objc; path = GrooveJointConstraintDemo.m; sourceTree = "<group>"; };
		A19EA7BB12EA1D080073D2A1 /* PinJointConstraintDemo.h */ = {isa = PBXFileReference; fileEncoding = 4; lastKnownFileType = sourcecode.c.h; path = PinJointConstraintDemo.h; sourceTree = "<group>"; };
		A19EA7BC12EA1D080073D2A1 /* PinJointConstraintDemo.m */ = {isa = PBXFileReference; fileEncoding = 4; lastKnownFileType = sourcecode.c.objc; path = PinJointConstraintDemo.m; sourceTree = "<group>"; };
		A19EA7BD12EA1D080073D2A1 /* PivotJointConstraintDemo.h */ = {isa = PBXFileReference; fileEncoding = 4; lastKnownFileType = sourcecode.c.h; path = PivotJointConstraintDemo.h; sourceTree = "<group>"; };
		A19EA7BE12EA1D080073D2A1 /* PivotJointConstraintDemo.m */ = {isa = PBXFileReference; fileEncoding = 4; lastKnownFileType = sourcecode.c.objc; path = PivotJointConstraintDemo.m; sourceTree = "<group>"; };
		A19EA7C112EA1D080073D2A1 /* RatchetJointConstraintDemo.h */ = {isa = PBXFileReference; fileEncoding = 4; lastKnownFileType = sourcecode.c.h; path = RatchetJointConstraintDemo.h; sourceTree = "<group>"; };
		A19EA7C212EA1D080073D2A1 /* RatchetJointConstraintDemo.m */ = {isa = PBXFileReference; fileEncoding = 4; lastKnownFileType = sourcecode.c.objc; path = RatchetJointConstraintDemo.m; sourceTree = "<group>"; };
		A19EA7C312EA1D080073D2A1 /* RotaryLimitConstraintDemo.h */ = {isa = PBXFileReference; fileEncoding = 4; lastKnownFileType = sourcecode.c.h; path = RotaryLimitConstraintDemo.h; sourceTree = "<group>"; };
		A19EA7C412EA1D080073D2A1 /* RotaryLimitConstraintDemo.m */ = {isa = PBXFileReference; fileEncoding = 4; lastKnownFileType = sourcecode.c.objc; path = RotaryLimitConstraintDemo.m; sourceTree = "<group>"; };
		A19EA7C512EA1D080073D2A1 /* SimpleMotorJointConstraintDemo.h */ = {isa = PBXFileReference; fileEncoding = 4; lastKnownFileType = sourcecode.c.h; path = SimpleMotorJointConstraintDemo.h; sourceTree = "<group>"; };
		A19EA7C612EA1D080073D2A1 /* SimpleMotorJointConstraintDemo.m */ = {isa = PBXFileReference; fileEncoding = 4; lastKnownFileType = sourcecode.c.objc; path = SimpleMotorJointConstraintDemo.m; sourceTree = "<group>"; };
		A19EA7D512EA1D380073D2A1 /* SlideJointConstraintDemo.h */ = {isa = PBXFileReference; fileEncoding = 4; lastKnownFileType = sourcecode.c.h; path = SlideJointConstraintDemo.h; sourceTree = "<group>"; };
		A19EA7D612EA1D530073D2A1 /* SlideJointConstraintDemo.m */ = {isa = PBXFileReference; fileEncoding = 4; lastKnownFileType = sourcecode.c.objc; path = SlideJointConstraintDemo.m; sourceTree = "<group>"; };
		A19EA7DA12EA1DCE0073D2A1 /* PolyDemo.m */ = {isa = PBXFileReference; fileEncoding = 4; lastKnownFileType = sourcecode.c.objc; path = PolyDemo.m; sourceTree = "<group>"; };
		A19EA7DC12EA1DE30073D2A1 /* PolyDemo.h */ = {isa = PBXFileReference; fileEncoding = 4; lastKnownFileType = sourcecode.c.h; path = PolyDemo.h; sourceTree = "<group>"; };
		A19EA7FA12EA1FF90073D2A1 /* BaseDemo.m */ = {isa = PBXFileReference; fileEncoding = 4; lastKnownFileType = sourcecode.c.objc; path = BaseDemo.m; sourceTree = "<group>"; };
		A19EA7FB12EA1FF90073D2A1 /* BaseDemo.h */ = {isa = PBXFileReference; fileEncoding = 4; lastKnownFileType = sourcecode.c.h; path = BaseDemo.h; sourceTree = "<group>"; };
		A1A2E81513032A7D004E2A34 /* PhysicsEditorDemo.m */ = {isa = PBXFileReference; fileEncoding = 4; lastKnownFileType = sourcecode.c.objc; path = PhysicsEditorDemo.m; sourceTree = "<group>"; };
		A1A2E81613032A7D004E2A34 /* PhysicsEditorDemo.h */ = {isa = PBXFileReference; fileEncoding = 4; lastKnownFileType = sourcecode.c.h; path = PhysicsEditorDemo.h; sourceTree = "<group>"; };
		A1AEBC0412F8B362001A45B2 /* RopeDemo.h */ = {isa = PBXFileReference; fileEncoding = 4; lastKnownFileType = sourcecode.c.h; path = RopeDemo.h; sourceTree = "<group>"; };
		A1AEBC0512F8B362001A45B2 /* RopeDemo.m */ = {isa = PBXFileReference; fileEncoding = 4; lastKnownFileType = sourcecode.c.objc; path = RopeDemo.m; sourceTree = "<group>"; };
		A1AF693512EC3C36006322AF /* CarDemo.m */ = {isa = PBXFileReference; fileEncoding = 4; lastKnownFileType = sourcecode.c.objc; path = CarDemo.m; sourceTree = "<group>"; };
		A1AF693612EC3C36006322AF /* CarDemo.h */ = {isa = PBXFileReference; fileEncoding = 4; lastKnownFileType = sourcecode.c.h; path = CarDemo.h; sourceTree = "<group>"; };
		A1CF12A9130470FA005CB7AE /* ExplosionEffectDemo.m */ = {isa = PBXFileReference; fileEncoding = 4; lastKnownFileType = sourcecode.c.objc; path = ExplosionEffectDemo.m; sourceTree = "<group>"; };
		A1CF12AA130470FA005CB7AE /* ExplosionEffectDemo.h */ = {isa = PBXFileReference; fileEncoding = 4; lastKnownFileType = sourcecode.c.h; path = ExplosionEffectDemo.h; sourceTree = "<group>"; };
		A1CF13D613058FE7005CB7AE /* BuoyancyDemo.h */ = {isa = PBXFileReference; fileEncoding = 4; lastKnownFileType = sourcecode.c.h; path = BuoyancyDemo.h; sourceTree = "<group>"; };
		A1CF13D713058FE7005CB7AE /* BuoyancyDemo.m */ = {isa = PBXFileReference; fileEncoding = 4; lastKnownFileType = sourcecode.c.objc; path = BuoyancyDemo.m; sourceTree = "<group>"; };
		A1FC3B0F1311670700C7D1E1 /* optionSelector.png */ = {isa = PBXFileReference; lastKnownFileType = image.png; path = optionSelector.png; sourceTree = "<group>"; };
		A1FC3BD5131193C100C7D1E1 /* PivotJoint.png */ = {isa = PBXFileReference; lastKnownFileType = image.png; path = PivotJoint.png; sourceTree = "<group>"; };
		A1FC3BD6131193C100C7D1E1 /* SimpleMotorJoint.png */ = {isa = PBXFileReference; lastKnownFileType = image.png; path = SimpleMotorJoint.png; sourceTree = "<group>"; };
		A1FC3BF21311951C00C7D1E1 /* DampedRotarySpring.png */ = {isa = PBXFileReference; lastKnownFileType = image.png; path = DampedRotarySpring.png; sourceTree = "<group>"; };
		A1FC3BFD1311967B00C7D1E1 /* DampedSpring.png */ = {isa = PBXFileReference; lastKnownFileType = image.png; path = DampedSpring.png; sourceTree = "<group>"; };
		A1FC3C1D1311997900C7D1E1 /* SlideJoint.png */ = {isa = PBXFileReference; lastKnownFileType = image.png; path = SlideJoint.png; sourceTree = "<group>"; };
		A1FC3C3B13119A5900C7D1E1 /* RotaryLimit.png */ = {isa = PBXFileReference; lastKnownFileType = image.png; path = RotaryLimit.png; sourceTree = "<group>"; };
		A1FC3C5213119AF200C7D1E1 /* PinJoint.png */ = {isa = PBXFileReference; lastKnownFileType = image.png; path = PinJoint.png; sourceTree = "<group>"; };
		A1FC3C5413119B3800C7D1E1 /* RatchetJoint.png */ = {isa = PBXFileReference; lastKnownFileType = image.png; path = RatchetJoint.png; sourceTree = "<group>"; };
		A1FC3C7813119C4300C7D1E1 /* GrooveJoint.png */ = {isa = PBXFileReference; lastKnownFileType = image.png; path = GrooveJoint.png; sourceTree = "<group>"; };
		A1FC3C8A13119CD600C7D1E1 /* GearJoint.png */ = {isa = PBXFileReference; lastKnownFileType = image.png; path = GearJoint.png; sourceTree = "<group>"; };
		A1FC3C951311A0DB00C7D1E1 /* Poly.png */ = {isa = PBXFileReference; lastKnownFileType = image.png; path = Poly.png; sourceTree = "<group>"; };
		A1FC3CA31311A21700C7D1E1 /* Car.png */ = {isa = PBXFileReference; lastKnownFileType = image.png; path = Car.png; sourceTree = "<group>"; };
		A1FC3CAF1312C15B00C7D1E1 /* left_arrow_small.png */ = {isa = PBXFileReference; lastKnownFileType = image.png; path = left_arrow_small.png; sourceTree = "<group>"; };
		A1FC3CB01312C15B00C7D1E1 /* right_arrow_small.png */ = {isa = PBXFileReference; lastKnownFileType = image.png; path = right_arrow_small.png; sourceTree = "<group>"; };
		A1FC3CFC1312CBD100C7D1E1 /* SimpleCollision.png */ = {isa = PBXFileReference; lastKnownFileType = image.png; path = SimpleCollision.png; sourceTree = "<group>"; };
		A1FC3CFE1312CC2B00C7D1E1 /* ComplexCollision.png */ = {isa = PBXFileReference; lastKnownFileType = image.png; path = ComplexCollision.png; sourceTree = "<group>"; };
		A1FC3D051312CC9800C7D1E1 /* Ball.png */ = {isa = PBXFileReference; lastKnownFileType = image.png; path = Ball.png; sourceTree = "<group>"; };
		A1FC3D111312CD3C00C7D1E1 /* Rope.png */ = {isa = PBXFileReference; lastKnownFileType = image.png; path = Rope.png; sourceTree = "<group>"; };
		A1FC3D141312CDD500C7D1E1 /* NewtonsCradle.png */ = {isa = PBXFileReference; lastKnownFileType = image.png; path = NewtonsCradle.png; sourceTree = "<group>"; };
		A1FC3D271312D04400C7D1E1 /* Blocks.png */ = {isa = PBXFileReference; lastKnownFileType = image.png; path = Blocks.png; sourceTree = "<group>"; };
		A1FC3D2D1312D10A00C7D1E1 /* ManyBlocks.png */ = {isa = PBXFileReference; lastKnownFileType = image.png; path = ManyBlocks.png; sourceTree = "<group>"; };
		A1FC3D411312D1A100C7D1E1 /* DefaultLoader.png */ = {isa = PBXFileReference; lastKnownFileType = image.png; path = DefaultLoader.png; sourceTree = "<group>"; };
		A1FC3D471312D20100C7D1E1 /* PhysicsEditor.png */ = {isa = PBXFileReference; lastKnownFileType = image.png; path = PhysicsEditor.png; sourceTree = "<group>"; };
		A1FC3D531312D25B00C7D1E1 /* Explosion.png */ = {isa = PBXFileReference; lastKnownFileType = image.png; path = Explosion.png; sourceTree = "<group>"; };
		A1FC3D541312D25B00C7D1E1 /* Implosion.png */ = {isa = PBXFileReference; lastKnownFileType = image.png; path = Implosion.png; sourceTree = "<group>"; };
		A1FC3D5C1312D2CC00C7D1E1 /* Buoyancy.png */ = {isa = PBXFileReference; lastKnownFileType = image.png; path = Buoyancy.png; sourceTree = "<group>"; };
		A1FC3D5F1312D37300C7D1E1 /* Sensor.png */ = {isa = PBXFileReference; lastKnownFileType = image.png; path = Sensor.png; sourceTree = "<group>"; };
		A1FC3D621312D3C000C7D1E1 /* Planet.png */ = {isa = PBXFileReference; lastKnownFileType = image.png; path = Planet.png; sourceTree = "<group>"; };
		A1FC3D9D1312D4AC00C7D1E1 /* FollowPath.png */ = {isa = PBXFileReference; lastKnownFileType = image.png; path = FollowPath.png; sourceTree = "<group>"; };
/* End PBXFileReference section */

/* Begin PBXFrameworksBuildPhase section */
		1D60588F0D05DD3D006BFB54 /* Frameworks */ = {
			isa = PBXFrameworksBuildPhase;
			buildActionMask = 2147483647;
			files = (
				5D16AE4213B5511A00D2F426 /* libz.dylib in Frameworks */,
				5D16AE4013B5511000D2F426 /* libChipmunkEx.a in Frameworks */,
				1D60589F0D05DD5A006BFB54 /* Foundation.framework in Frameworks */,
				1DF5F4E00D08C38300B7A737 /* UIKit.framework in Frameworks */,
				288765A50DF7441C002DB57D /* CoreGraphics.framework in Frameworks */,
				A13512F611986265007C9395 /* QuartzCore.framework in Frameworks */,
				A13512F811986270007C9395 /* OpenGLES.framework in Frameworks */,
				A1527AB711BD8F8100995392 /* OpenAL.framework in Frameworks */,
				A1527AF811BD8F9000995392 /* AVFoundation.framework in Frameworks */,
				A1527AFC11BD8F9900995392 /* AudioToolbox.framework in Frameworks */,
			);
			runOnlyForDeploymentPostprocessing = 0;
		};
/* End PBXFrameworksBuildPhase section */

/* Begin PBXGroup section */
		080E96DDFE201D6D7F000001 /* Classes */ = {
			isa = PBXGroup;
			children = (
				A1C70B0412DCE47C003C506C /* Demos */,
				A13512FB11986427007C9395 /* ChipmunkAppDelegate.h */,
				A13512FC11986427007C9395 /* ChipmunkAppDelegate.m */,
				A13512FE11986481007C9395 /* Game.h */,
				A13512FF11986481007C9395 /* Game.m */,
				A1259B3D12C92A2700EA5EA0 /* Macros.h */,
				A15DDEAA130ED4DF00275266 /* OptionSelector.h */,
				A15DDEAB130ED4DF00275266 /* OptionSelector.m */,
				A15DDEB7130ED53B00275266 /* Option.h */,
				A15DDEB8130ED53B00275266 /* Option.m */,
			);
			path = Classes;
			sourceTree = "<group>";
		};
		19C28FACFE9D520D11CA2CBB /* Products */ = {
			isa = PBXGroup;
			children = (
				1D6058910D05DD3D006BFB54 /* ChipmunkWrapper.app */,
			);
			name = Products;
			sourceTree = "<group>";
		};
		29B97314FDCFA39411CA2CEA /* CustomTemplate */ = {
			isa = PBXGroup;
			children = (
				5D16AE4113B5511A00D2F426 /* libz.dylib */,
				5D16AE3F13B5511000D2F426 /* libChipmunkEx.a */,
				080E96DDFE201D6D7F000001 /* Classes */,
				29B97315FDCFA39411CA2CEA /* Other Sources */,
				29B97317FDCFA39411CA2CEA /* Resources */,
				29B97323FDCFA39411CA2CEA /* Frameworks */,
				19C28FACFE9D520D11CA2CBB /* Products */,
			);
			name = CustomTemplate;
			sourceTree = "<group>";
		};
		29B97315FDCFA39411CA2CEA /* Other Sources */ = {
			isa = PBXGroup;
			children = (
				32CA4F630368D1EE00C91783 /* ChipmunkWrapper_Prefix.pch */,
				29B97316FDCFA39411CA2CEA /* main.m */,
			);
			name = "Other Sources";
			sourceTree = "<group>";
		};
		29B97317FDCFA39411CA2CEA /* Resources */ = {
			isa = PBXGroup;
			children = (
				A189F085131EA57B001B7C6F /* PhysicsEditor.plist */,
				A1906EAF12FF119800FFF013 /* Demo.plist */,
				A1C70AD912DCE430003C506C /* images */,
				A1351399119868D9007C9395 /* MainWindow.xib */,
				8D1107310486CEB800E47090 /* ChipmunkWrapper-Info.plist */,
			);
			name = Resources;
			sourceTree = "<group>";
		};
		29B97323FDCFA39411CA2CEA /* Frameworks */ = {
			isa = PBXGroup;
			children = (
				1DF5F4DF0D08C38300B7A737 /* UIKit.framework */,
				1D30AB110D05D00D00671497 /* Foundation.framework */,
				288765A40DF7441C002DB57D /* CoreGraphics.framework */,
				A13512F511986265007C9395 /* QuartzCore.framework */,
				A13512F711986270007C9395 /* OpenGLES.framework */,
				A1527AB611BD8F8100995392 /* OpenAL.framework */,
				A1527AF711BD8F9000995392 /* AVFoundation.framework */,
				A1527AFB11BD8F9900995392 /* AudioToolbox.framework */,
			);
			name = Frameworks;
			sourceTree = "<group>";
		};
		A19EA7B012EA1D070073D2A1 /* Chipmunk-Demos */ = {
			isa = PBXGroup;
			children = (
				A15DDD28130D7ED100275266 /* FollowPathDemo.h */,
				A15DDD27130D7ED100275266 /* FollowPathDemo.m */,
				A15DDB47130C2B3A00275266 /* PlanetDemo.h */,
				A15DDB46130C2B3A00275266 /* PlanetDemo.m */,
				A15DD8E21309B6E900275266 /* SensorDemo.h */,
				A15DD8E11309B6E900275266 /* SensorDemo.m */,
				A1CF13D613058FE7005CB7AE /* BuoyancyDemo.h */,
				A1CF13D713058FE7005CB7AE /* BuoyancyDemo.m */,
				A1CF12AA130470FA005CB7AE /* ExplosionEffectDemo.h */,
				A1CF12A9130470FA005CB7AE /* ExplosionEffectDemo.m */,
				A15DD9CB130ADEBA00275266 /* ImplosionEffectDemo.h */,
				A15DD9CC130ADEBA00275266 /* ImplosionEffectDemo.m */,
				A1A2E81613032A7D004E2A34 /* PhysicsEditorDemo.h */,
				A1A2E81513032A7D004E2A34 /* PhysicsEditorDemo.m */,
				A112805412FED21B00696CFE /* DefaultLoaderDemo.h */,
				A112805512FED21B00696CFE /* DefaultLoaderDemo.m */,
				A17846F912F0810A00EE1713 /* TheoJansenDemo.h */,
				A17846F812F0810A00EE1713 /* TheoJansenDemo.m */,
				A19EA7D512EA1D380073D2A1 /* SlideJointConstraintDemo.h */,
				A19EA7D612EA1D530073D2A1 /* SlideJointConstraintDemo.m */,
				A19EA7DC12EA1DE30073D2A1 /* PolyDemo.h */,
				A19EA7DA12EA1DCE0073D2A1 /* PolyDemo.m */,
				A19EA7B312EA1D070073D2A1 /* DampedRotarySpringConstraintDemo.h */,
				A19EA7B412EA1D070073D2A1 /* DampedRotarySpringConstraintDemo.m */,
				A19EA7B512EA1D070073D2A1 /* DampedSpringConstraintDemo.h */,
				A19EA7B612EA1D070073D2A1 /* DampedSpringConstraintDemo.m */,
				A19EA7B712EA1D070073D2A1 /* GearJointConstraintDemo.h */,
				A19EA7B812EA1D070073D2A1 /* GearJointConstraintDemo.m */,
				A19EA7B912EA1D070073D2A1 /* GrooveJointConstraintDemo.h */,
				A19EA7BA12EA1D080073D2A1 /* GrooveJointConstraintDemo.m */,
				A19EA7BB12EA1D080073D2A1 /* PinJointConstraintDemo.h */,
				A19EA7BC12EA1D080073D2A1 /* PinJointConstraintDemo.m */,
				A19EA7BD12EA1D080073D2A1 /* PivotJointConstraintDemo.h */,
				A19EA7BE12EA1D080073D2A1 /* PivotJointConstraintDemo.m */,
				A19EA7C112EA1D080073D2A1 /* RatchetJointConstraintDemo.h */,
				A19EA7C212EA1D080073D2A1 /* RatchetJointConstraintDemo.m */,
				A19EA7C312EA1D080073D2A1 /* RotaryLimitConstraintDemo.h */,
				A19EA7C412EA1D080073D2A1 /* RotaryLimitConstraintDemo.m */,
				A19EA7C512EA1D080073D2A1 /* SimpleMotorJointConstraintDemo.h */,
				A19EA7C612EA1D080073D2A1 /* SimpleMotorJointConstraintDemo.m */,
				A178460612EF49B700EE1713 /* SimpleCollisionDemo.h */,
				A178460712EF49B700EE1713 /* SimpleCollisionDemo.m */,
				A15DDCE6130C6B4400275266 /* LayerCollisionDemo.h */,
				A15DDCE5130C6B4400275266 /* LayerCollisionDemo.m */,
				A1AF693612EC3C36006322AF /* CarDemo.h */,
				A1AF693512EC3C36006322AF /* CarDemo.m */,
				A1AEBC0412F8B362001A45B2 /* RopeDemo.h */,
				A1AEBC0512F8B362001A45B2 /* RopeDemo.m */,
				A1242C2C12FB1D9D00318730 /* BlocksDemo.h */,
				A1242C2D12FB1D9D00318730 /* BlocksDemo.m */,
				A1242D0512FB537300318730 /* ManyBlocksDemo.h */,
				A1242D0412FB537300318730 /* ManyBlocksDemo.m */,
				A124299312F94D7D00318730 /* NewtonsCradleDemo.h */,
				A124299412F94D7D00318730 /* NewtonsCradleDemo.m */,
			);
			path = "Chipmunk-Demos";
			sourceTree = "<group>";
		};
		A19EA7E012EA1DFA0073D2A1 /* Sparrow-Demos */ = {
			isa = PBXGroup;
			children = (
				A178431912ECCBA600EE1713 /* BallDemo.h */,
				A178431A12ECCBA600EE1713 /* BallDemo.m */,
				A178431C12ECCC0700EE1713 /* Ball.h */,
				A178431D12ECCC0700EE1713 /* Ball.m */,
			);
			path = "Sparrow-Demos";
			sourceTree = "<group>";
		};
		A1C70AD912DCE430003C506C /* images */ = {
			isa = PBXGroup;
			children = (
				A1FC3D721312D40F00C7D1E1 /* options */,
				A1FC3CAF1312C15B00C7D1E1 /* left_arrow_small.png */,
				A1FC3CB01312C15B00C7D1E1 /* right_arrow_small.png */,
				A1FC3B0F1311670700C7D1E1 /* optionSelector.png */,
				A15DE031130F273500275266 /* left_arrow.png */,
				A15DE032130F273500275266 /* right_arrow.png */,
				A15DDEA8130ED2E100275266 /* option.png */,
				A178431012ECCB6800EE1713 /* football.png */,
			);
			path = images;
			sourceTree = "<group>";
		};
		A1C70B0412DCE47C003C506C /* Demos */ = {
			isa = PBXGroup;
			children = (
				A19EA7FB12EA1FF90073D2A1 /* BaseDemo.h */,
				A19EA7FA12EA1FF90073D2A1 /* BaseDemo.m */,
				A19EA7E012EA1DFA0073D2A1 /* Sparrow-Demos */,
				A19EA7B012EA1D070073D2A1 /* Chipmunk-Demos */,
			);
			path = Demos;
			sourceTree = "<group>";
		};
		A1FC3D721312D40F00C7D1E1 /* options */ = {
			isa = PBXGroup;
			children = (
				A1FC3D9D1312D4AC00C7D1E1 /* FollowPath.png */,
				A1FC3CA31311A21700C7D1E1 /* Car.png */,
				A1FC3C951311A0DB00C7D1E1 /* Poly.png */,
				A1FC3C8A13119CD600C7D1E1 /* GearJoint.png */,
				A1FC3C7813119C4300C7D1E1 /* GrooveJoint.png */,
				A1FC3C5413119B3800C7D1E1 /* RatchetJoint.png */,
				A1FC3BD5131193C100C7D1E1 /* PivotJoint.png */,
				A1FC3C5213119AF200C7D1E1 /* PinJoint.png */,
				A1FC3C3B13119A5900C7D1E1 /* RotaryLimit.png */,
				A1FC3C1D1311997900C7D1E1 /* SlideJoint.png */,
				A1FC3BD6131193C100C7D1E1 /* SimpleMotorJoint.png */,
				A1FC3BFD1311967B00C7D1E1 /* DampedSpring.png */,
				A1FC3BF21311951C00C7D1E1 /* DampedRotarySpring.png */,
				A1FC3D531312D25B00C7D1E1 /* Explosion.png */,
				A1FC3D5F1312D37300C7D1E1 /* Sensor.png */,
				A1FC3D621312D3C000C7D1E1 /* Planet.png */,
				A1FC3D541312D25B00C7D1E1 /* Implosion.png */,
				A1FC3D5C1312D2CC00C7D1E1 /* Buoyancy.png */,
				A1FC3D471312D20100C7D1E1 /* PhysicsEditor.png */,
				A1FC3D2D1312D10A00C7D1E1 /* ManyBlocks.png */,
				A1FC3D411312D1A100C7D1E1 /* DefaultLoader.png */,
				A1FC3D271312D04400C7D1E1 /* Blocks.png */,
				A1FC3D051312CC9800C7D1E1 /* Ball.png */,
				A1FC3D111312CD3C00C7D1E1 /* Rope.png */,
				A1FC3D141312CDD500C7D1E1 /* NewtonsCradle.png */,
				A1FC3CFE1312CC2B00C7D1E1 /* ComplexCollision.png */,
				A1FC3CFC1312CBD100C7D1E1 /* SimpleCollision.png */,
			);
			name = options;
			sourceTree = "<group>";
		};
/* End PBXGroup section */

/* Begin PBXNativeTarget section */
		1D6058900D05DD3D006BFB54 /* ChipmunkWrapper */ = {
			isa = PBXNativeTarget;
			buildConfigurationList = 1D6058960D05DD3E006BFB54 /* Build configuration list for PBXNativeTarget "ChipmunkWrapper" */;
			buildPhases = (
				1D60588D0D05DD3D006BFB54 /* Resources */,
				1D60588E0D05DD3D006BFB54 /* Sources */,
				1D60588F0D05DD3D006BFB54 /* Frameworks */,
			);
			buildRules = (
			);
			dependencies = (
			);
			name = ChipmunkWrapper;
			productName = Chipmunk;
			productReference = 1D6058910D05DD3D006BFB54 /* ChipmunkWrapper.app */;
			productType = "com.apple.product-type.application";
		};
/* End PBXNativeTarget section */

/* Begin PBXProject section */
		29B97313FDCFA39411CA2CEA /* Project object */ = {
			isa = PBXProject;
			attributes = {
				ORGANIZATIONNAME = Sodeso;
			};
			buildConfigurationList = C01FCF4E08A954540054247B /* Build configuration list for PBXProject "ChipmunkWrapper" */;
			compatibilityVersion = "Xcode 3.1";
			developmentRegion = English;
			hasScannedForEncodings = 1;
			knownRegions = (
				English,
				Japanese,
				French,
				German,
			);
			mainGroup = 29B97314FDCFA39411CA2CEA /* CustomTemplate */;
			projectDirPath = "";
			projectRoot = "";
			targets = (
				1D6058900D05DD3D006BFB54 /* ChipmunkWrapper */,
			);
		};
/* End PBXProject section */

/* Begin PBXResourcesBuildPhase section */
		1D60588D0D05DD3D006BFB54 /* Resources */ = {
			isa = PBXResourcesBuildPhase;
			buildActionMask = 2147483647;
			files = (
				A135139A119868D9007C9395 /* MainWindow.xib in Resources */,
				A178431112ECCB6800EE1713 /* football.png in Resources */,
				A1906EB012FF119800FFF013 /* Demo.plist in Resources */,
				A15DDEA9130ED2E100275266 /* option.png in Resources */,
				A15DE033130F273500275266 /* left_arrow.png in Resources */,
				A15DE034130F273500275266 /* right_arrow.png in Resources */,
				A1FC3B101311670700C7D1E1 /* optionSelector.png in Resources */,
				A1FC3BD7131193C100C7D1E1 /* PivotJoint.png in Resources */,
				A1FC3BD8131193C100C7D1E1 /* SimpleMotorJoint.png in Resources */,
				A1FC3BF31311951C00C7D1E1 /* DampedRotarySpring.png in Resources */,
				A1FC3BFE1311967B00C7D1E1 /* DampedSpring.png in Resources */,
				A1FC3C1E1311997900C7D1E1 /* SlideJoint.png in Resources */,
				A1FC3C3C13119A5900C7D1E1 /* RotaryLimit.png in Resources */,
				A1FC3C5313119AF200C7D1E1 /* PinJoint.png in Resources */,
				A1FC3C5513119B3800C7D1E1 /* RatchetJoint.png in Resources */,
				A1FC3C7913119C4300C7D1E1 /* GrooveJoint.png in Resources */,
				A1FC3C8B13119CD600C7D1E1 /* GearJoint.png in Resources */,
				A1FC3C961311A0DB00C7D1E1 /* Poly.png in Resources */,
				A1FC3CA41311A21700C7D1E1 /* Car.png in Resources */,
				A1FC3CB11312C15B00C7D1E1 /* left_arrow_small.png in Resources */,
				A1FC3CB21312C15B00C7D1E1 /* right_arrow_small.png in Resources */,
				A1FC3CFD1312CBD100C7D1E1 /* SimpleCollision.png in Resources */,
				A1FC3CFF1312CC2B00C7D1E1 /* ComplexCollision.png in Resources */,
				A1FC3D061312CC9800C7D1E1 /* Ball.png in Resources */,
				A1FC3D121312CD3C00C7D1E1 /* Rope.png in Resources */,
				A1FC3D151312CDD500C7D1E1 /* NewtonsCradle.png in Resources */,
				A1FC3D281312D04400C7D1E1 /* Blocks.png in Resources */,
				A1FC3D2E1312D10A00C7D1E1 /* ManyBlocks.png in Resources */,
				A1FC3D421312D1A100C7D1E1 /* DefaultLoader.png in Resources */,
				A1FC3D481312D20100C7D1E1 /* PhysicsEditor.png in Resources */,
				A1FC3D551312D25B00C7D1E1 /* Explosion.png in Resources */,
				A1FC3D561312D25B00C7D1E1 /* Implosion.png in Resources */,
				A1FC3D5D1312D2CC00C7D1E1 /* Buoyancy.png in Resources */,
				A1FC3D601312D37300C7D1E1 /* Sensor.png in Resources */,
				A1FC3D631312D3C000C7D1E1 /* Planet.png in Resources */,
				A1FC3D9E1312D4AC00C7D1E1 /* FollowPath.png in Resources */,
				A189F086131EA57B001B7C6F /* PhysicsEditor.plist in Resources */,
			);
			runOnlyForDeploymentPostprocessing = 0;
		};
/* End PBXResourcesBuildPhase section */

/* Begin PBXSourcesBuildPhase section */
		1D60588E0D05DD3D006BFB54 /* Sources */ = {
			isa = PBXSourcesBuildPhase;
			buildActionMask = 2147483647;
			files = (
				1D60589B0D05DD56006BFB54 /* main.m in Sources */,
				A13512FD11986427007C9395 /* ChipmunkAppDelegate.m in Sources */,
				A135130011986481007C9395 /* Game.m in Sources */,
				A19EA7C812EA1D080073D2A1 /* DampedRotarySpringConstraintDemo.m in Sources */,
				A19EA7C912EA1D080073D2A1 /* DampedSpringConstraintDemo.m in Sources */,
				A19EA7CA12EA1D080073D2A1 /* GearJointConstraintDemo.m in Sources */,
				A19EA7CB12EA1D080073D2A1 /* GrooveJointConstraintDemo.m in Sources */,
				A19EA7CC12EA1D080073D2A1 /* PinJointConstraintDemo.m in Sources */,
				A19EA7CD12EA1D080073D2A1 /* PivotJointConstraintDemo.m in Sources */,
				A19EA7CF12EA1D080073D2A1 /* RatchetJointConstraintDemo.m in Sources */,
				A19EA7D012EA1D080073D2A1 /* RotaryLimitConstraintDemo.m in Sources */,
				A19EA7D112EA1D080073D2A1 /* SimpleMotorJointConstraintDemo.m in Sources */,
				A19EA7D712EA1D530073D2A1 /* SlideJointConstraintDemo.m in Sources */,
				A19EA7DB12EA1DCE0073D2A1 /* PolyDemo.m in Sources */,
				A19EA7FC12EA1FF90073D2A1 /* BaseDemo.m in Sources */,
				A1AF693712EC3C36006322AF /* CarDemo.m in Sources */,
				A178431B12ECCBA600EE1713 /* BallDemo.m in Sources */,
				A178431E12ECCC0700EE1713 /* Ball.m in Sources */,
				A178460812EF49B700EE1713 /* SimpleCollisionDemo.m in Sources */,
				A17846FA12F0810A00EE1713 /* TheoJansenDemo.m in Sources */,
				A1AEBC0612F8B362001A45B2 /* RopeDemo.m in Sources */,
				A124299512F94D7D00318730 /* NewtonsCradleDemo.m in Sources */,
				A1242C2E12FB1D9D00318730 /* BlocksDemo.m in Sources */,
				A1242D0612FB537300318730 /* ManyBlocksDemo.m in Sources */,
				A112805612FED21B00696CFE /* DefaultLoaderDemo.m in Sources */,
				A1A2E81713032A7D004E2A34 /* PhysicsEditorDemo.m in Sources */,
				A1CF12AB130470FA005CB7AE /* ExplosionEffectDemo.m in Sources */,
				A1CF13D813058FE7005CB7AE /* BuoyancyDemo.m in Sources */,
				A15DD8E31309B6E900275266 /* SensorDemo.m in Sources */,
				A15DD9CD130ADEBA00275266 /* ImplosionEffectDemo.m in Sources */,
				A15DDB48130C2B3A00275266 /* PlanetDemo.m in Sources */,
				A15DDCE7130C6B4400275266 /* LayerCollisionDemo.m in Sources */,
				A15DDD29130D7ED100275266 /* FollowPathDemo.m in Sources */,
				A15DDEAC130ED4DF00275266 /* OptionSelector.m in Sources */,
				A15DDEB9130ED53B00275266 /* Option.m in Sources */,
			);
			runOnlyForDeploymentPostprocessing = 0;
		};
/* End PBXSourcesBuildPhase section */

/* Begin XCBuildConfiguration section */
		1D6058940D05DD3E006BFB54 /* Debug */ = {
			isa = XCBuildConfiguration;
			buildSettings = {
				ALWAYS_SEARCH_USER_PATHS = NO;
				COPY_PHASE_STRIP = NO;
				GCC_DYNAMIC_NO_PIC = NO;
				GCC_OPTIMIZATION_LEVEL = 0;
				GCC_PRECOMPILE_PREFIX_HEADER = YES;
				GCC_PREFIX_HEADER = ChipmunkWrapper_Prefix.pch;
				GCC_THUMB_SUPPORT = NO;
				INFOPLIST_FILE = "ChipmunkWrapper-Info.plist";
				LIBRARY_SEARCH_PATHS = (
					"$(inherited)",
					"\"$(SRCROOT)/Classes/Chipmunk-iPhone\"",
					"\"$(SRCROOT)\"",
				);
				PRODUCT_NAME = ChipmunkWrapper;
				USER_HEADER_SEARCH_PATHS = "$(CHIPMUNK_WRAPPER)/** $(SPARROW_SRC)/** $(CHIPMUNK_SRC)/**";
				VALIDATE_PRODUCT = NO;
			};
			name = Debug;
		};
		1D6058950D05DD3E006BFB54 /* Release */ = {
			isa = XCBuildConfiguration;
			buildSettings = {
				ALWAYS_SEARCH_USER_PATHS = NO;
				COPY_PHASE_STRIP = YES;
				GCC_PRECOMPILE_PREFIX_HEADER = YES;
				GCC_PREFIX_HEADER = ChipmunkWrapper_Prefix.pch;
				GCC_THUMB_SUPPORT = NO;
				INFOPLIST_FILE = "ChipmunkWrapper-Info.plist";
				LIBRARY_SEARCH_PATHS = (
					"$(inherited)",
					"\"$(SRCROOT)/Classes/Chipmunk-iPhone\"",
					"\"$(SRCROOT)\"",
				);
				PRODUCT_NAME = ChipmunkWrapper;
				USER_HEADER_SEARCH_PATHS = "$(CHIPMUNK_WRAPPER)/** $(SPARROW_SRC)/** $(CHIPMUNK_SRC)/**";
				VALIDATE_PRODUCT = NO;
			};
			name = Release;
		};
		C01FCF4F08A954540054247B /* Debug */ = {
			isa = XCBuildConfiguration;
			buildSettings = {
				ARCHS = "$(ARCHS_STANDARD_32_BIT)";
				"CODE_SIGN_IDENTITY[sdk=iphoneos*]" = "iPhone Developer: Ronald Mathies (69H6FT5RD2)";
				GCC_C_LANGUAGE_STANDARD = c99;
				GCC_WARN_ABOUT_RETURN_TYPE = YES;
				GCC_WARN_UNUSED_VARIABLE = YES;
				OTHER_LDFLAGS = (
					"-ObjC",
					"-all_load",
				);
				PREBINDING = NO;
				SDKROOT = iphoneos;
			};
			name = Debug;
		};
		C01FCF5008A954540054247B /* Release */ = {
			isa = XCBuildConfiguration;
			buildSettings = {
				ARCHS = "$(ARCHS_STANDARD_32_BIT)";
				"CODE_SIGN_IDENTITY[sdk=iphoneos*]" = "iPhone Developer: Ronald Mathies (69H6FT5RD2)";
				GCC_C_LANGUAGE_STANDARD = c99;
				GCC_WARN_ABOUT_RETURN_TYPE = YES;
				GCC_WARN_UNUSED_VARIABLE = YES;
				OTHER_CFLAGS = "-DNS_BLOCK_ASSERTIONS=1";
				OTHER_LDFLAGS = (
					"-ObjC",
					"-all_load",
				);
				PREBINDING = NO;
				SDKROOT = iphoneos;
			};
			name = Release;
		};
/* End XCBuildConfiguration section */

/* Begin XCConfigurationList section */
		1D6058960D05DD3E006BFB54 /* Build configuration list for PBXNativeTarget "ChipmunkWrapper" */ = {
			isa = XCConfigurationList;
			buildConfigurations = (
				1D6058940D05DD3E006BFB54 /* Debug */,
				1D6058950D05DD3E006BFB54 /* Release */,
			);
			defaultConfigurationIsVisible = 0;
			defaultConfigurationName = Release;
		};
		C01FCF4E08A954540054247B /* Build configuration list for PBXProject "ChipmunkWrapper" */ = {
			isa = XCConfigurationList;
			buildConfigurations = (
				C01FCF4F08A954540054247B /* Debug */,
				C01FCF5008A954540054247B /* Release */,
			);
			defaultConfigurationIsVisible = 0;
			defaultConfigurationName = Release;
		};
/* End XCConfigurationList section */
	};
	rootObject = 29B97313FDCFA39411CA2CEA /* Project object */;
}
